lockfileVersion: '6.1'

settings:
  autoInstallPeers: true
  excludeLinksFromLockfile: false

dependencies:
  ws:
    specifier: ^8.14.2
    version: registry.npmmirror.com/ws@8.14.2

devDependencies:
  '@types/ws':
    specifier: ^8.5.6
    version: registry.npmmirror.com/@types/ws@8.5.6

packages:

  registry.npmmirror.com/@types/node@20.8.3:
    resolution: {integrity: sha512-jxiZQFpb+NlH5kjW49vXxvxTjeeqlbsnTAdBTKpzEdPs9itay7MscYXz3Fo9VYFEsfQ6LJFitHad3faerLAjCw==, registry: https://registry.npm.taobao.org/, tarball: https://registry.npmmirror.com/@types/node/-/node-20.8.3.tgz}
    name: '@types/node'
    version: 20.8.3
    dev: true

  registry.npmmirror.com/@types/ws@8.5.6:
    resolution: {integrity: sha512-8B5EO9jLVCy+B58PLHvLDuOD8DRVMgQzq8d55SjLCOn9kqGyqOvy27exVaTio1q1nX5zLu8/6N0n2ThSxOM6tg==, registry: https://registry.npm.taobao.org/, tarball: https://registry.npmmirror.com/@types/ws/-/ws-8.5.6.tgz}
    name: '@types/ws'
    version: 8.5.6
    dependencies:
      '@types/node': registry.npmmirror.com/@types/node@20.8.3
    dev: true

  registry.npmmirror.com/ws@8.14.2:
    resolution: {integrity: sha512-wEBG1ftX4jcglPxgFCMJmZ2PLtSbJ2Peg6TmpJFTbe9GZYOQCDPdMYu/Tm0/bGZkw8paZnJY45J4K2PZrLYq8g==, registry: https://registry.npm.taobao.org/, tarball: https://registry.npmmirror.com/ws/-/ws-8.14.2.tgz}
    name: ws
    version: 8.14.2
    engines: {node: '>=10.0.0'}
    peerDependencies:
      bufferutil: ^4.0.1
      utf-8-validate: '>=5.0.2'
    peerDependenciesMeta:
      bufferutil:
        optional: true
      utf-8-validate:
        optional: true
    dev: false
